// !$*UTF8*$!
{
	archiveVersion = 1;
	classes = {
	};
	objectVersion = 50;
	objects = {

/* Begin PBXBuildFile section */
		15B0646BFA925CAC072A7D36 /* Pods_DemoApp.framework in Frameworks */ = {isa = PBXBuildFile; fileRef = 4F64CC49FF3F79AAEB27A8B1 /* Pods_DemoApp.framework */; };
		61794EB33FBC6574D59DCABC /* Pods_DemoAppTests.framework in Frameworks */ = {isa = PBXBuildFile; fileRef = 2EC60B6AEC1CD75D47845B45 /* Pods_DemoAppTests.framework */; };
		CD7FE974F1B275FBBCA58690 /* Pods_DemoAppUITests.framework in Frameworks */ = {isa = PBXBuildFile; fileRef = 057A37319C6CEC86D364D57A /* Pods_DemoAppUITests.framework */; };
		F34ABE6C258A149A0078D722 /* HistoryTableViewCell.swift in Sources */ = {isa = PBXBuildFile; fileRef = F34ABE6A258A149A0078D722 /* HistoryTableViewCell.swift */; };
		F34ABE6D258A149A0078D722 /* HistoryTableViewCell.xib in Resources */ = {isa = PBXBuildFile; fileRef = F34ABE6B258A149A0078D722 /* HistoryTableViewCell.xib */; };
		F3608CE52588EC6500E6765D /* LaunchScreen.storyboard in Resources */ = {isa = PBXBuildFile; fileRef = F3608CE42588EC6500E6765D /* LaunchScreen.storyboard */; };
		F3608CEA2588ECDE00E6765D /* Main.storyboard in Resources */ = {isa = PBXBuildFile; fileRef = F3608CE92588ECDE00E6765D /* Main.storyboard */; };
		F3608CF42588F16400E6765D /* RegisterViewController.swift in Sources */ = {isa = PBXBuildFile; fileRef = F3608CF32588F16400E6765D /* RegisterViewController.swift */; };
		F3608D0625890C2A00E6765D /* HistoryViewController.swift in Sources */ = {isa = PBXBuildFile; fileRef = F3608D0525890C2A00E6765D /* HistoryViewController.swift */; };
		F3FE62512587CF7300B4B4DB /* AppDelegate.swift in Sources */ = {isa = PBXBuildFile; fileRef = F3FE62502587CF7300B4B4DB /* AppDelegate.swift */; };
		F3FE62532587CF7300B4B4DB /* SceneDelegate.swift in Sources */ = {isa = PBXBuildFile; fileRef = F3FE62522587CF7300B4B4DB /* SceneDelegate.swift */; };
		F3FE62552587CF7300B4B4DB /* MainViewController.swift in Sources */ = {isa = PBXBuildFile; fileRef = F3FE62542587CF7300B4B4DB /* MainViewController.swift */; };
		F3FE625B2587CF7300B4B4DB /* DemoApp.xcdatamodeld in Sources */ = {isa = PBXBuildFile; fileRef = F3FE62592587CF7300B4B4DB /* DemoApp.xcdatamodeld */; };
		F3FE625D2587CF7600B4B4DB /* Assets.xcassets in Resources */ = {isa = PBXBuildFile; fileRef = F3FE625C2587CF7600B4B4DB /* Assets.xcassets */; };
		F3FE626B2587CF7600B4B4DB /* DemoAppTests.swift in Sources */ = {isa = PBXBuildFile; fileRef = F3FE626A2587CF7600B4B4DB /* DemoAppTests.swift */; };
		F3FE62762587CF7600B4B4DB /* DemoAppUITests.swift in Sources */ = {isa = PBXBuildFile; fileRef = F3FE62752587CF7600B4B4DB /* DemoAppUITests.swift */; };
		F3FE62B12587D84900B4B4DB /* LoginViewController.swift in Sources */ = {isa = PBXBuildFile; fileRef = F3FE62B02587D84900B4B4DB /* LoginViewController.swift */; };
/* End PBXBuildFile section */

/* Begin PBXContainerItemProxy section */
		F3FE62672587CF7600B4B4DB /* PBXContainerItemProxy */ = {
			isa = PBXContainerItemProxy;
			containerPortal = F3FE62432587CF5400B4B4DB /* Project object */;
			proxyType = 1;
			remoteGlobalIDString = F3FE624C2587CF7300B4B4DB;
			remoteInfo = DemoApp;
		};
		F3FE62722587CF7600B4B4DB /* PBXContainerItemProxy */ = {
			isa = PBXContainerItemProxy;
			containerPortal = F3FE62432587CF5400B4B4DB /* Project object */;
			proxyType = 1;
			remoteGlobalIDString = F3FE624C2587CF7300B4B4DB;
			remoteInfo = DemoApp;
		};
/* End PBXContainerItemProxy section */

/* Begin PBXCopyFilesBuildPhase section */
		F3608D332589367700E6765D /* Embed Frameworks */ = {
			isa = PBXCopyFilesBuildPhase;
			buildActionMask = 2147483647;
			dstPath = "";
			dstSubfolderSpec = 10;
			files = (
			);
			name = "Embed Frameworks";
			runOnlyForDeploymentPostprocessing = 0;
		};
/* End PBXCopyFilesBuildPhase section */

/* Begin PBXFileReference section */
		00A8A989F361694F13195711 /* Pods-DemoAppTests.release.xcconfig */ = {isa = PBXFileReference; includeInIndex = 1; lastKnownFileType = text.xcconfig; name = "Pods-DemoAppTests.release.xcconfig"; path = "Target Support Files/Pods-DemoAppTests/Pods-DemoAppTests.release.xcconfig"; sourceTree = "<group>"; };
		057A37319C6CEC86D364D57A /* Pods_DemoAppUITests.framework */ = {isa = PBXFileReference; explicitFileType = wrapper.framework; includeInIndex = 0; path = Pods_DemoAppUITests.framework; sourceTree = BUILT_PRODUCTS_DIR; };
		2EC60B6AEC1CD75D47845B45 /* Pods_DemoAppTests.framework */ = {isa = PBXFileReference; explicitFileType = wrapper.framework; includeInIndex = 0; path = Pods_DemoAppTests.framework; sourceTree = BUILT_PRODUCTS_DIR; };
		4129FDF04405AA377EAC44F5 /* Pods-DemoApp.debug.xcconfig */ = {isa = PBXFileReference; includeInIndex = 1; lastKnownFileType = text.xcconfig; name = "Pods-DemoApp.debug.xcconfig"; path = "Target Support Files/Pods-DemoApp/Pods-DemoApp.debug.xcconfig"; sourceTree = "<group>"; };
		4F64CC49FF3F79AAEB27A8B1 /* Pods_DemoApp.framework */ = {isa = PBXFileReference; explicitFileType = wrapper.framework; includeInIndex = 0; path = Pods_DemoApp.framework; sourceTree = BUILT_PRODUCTS_DIR; };
		535FE9491DA32DE02FC114F8 /* Pods-DemoApp.release.xcconfig */ = {isa = PBXFileReference; includeInIndex = 1; lastKnownFileType = text.xcconfig; name = "Pods-DemoApp.release.xcconfig"; path = "Target Support Files/Pods-DemoApp/Pods-DemoApp.release.xcconfig"; sourceTree = "<group>"; };
		648630C1F7B310C11315BC72 /* Pods-DemoAppTests.debug.xcconfig */ = {isa = PBXFileReference; includeInIndex = 1; lastKnownFileType = text.xcconfig; name = "Pods-DemoAppTests.debug.xcconfig"; path = "Target Support Files/Pods-DemoAppTests/Pods-DemoAppTests.debug.xcconfig"; sourceTree = "<group>"; };
		7228C06E07DC348681509A92 /* Pods-DemoAppUITests.release.xcconfig */ = {isa = PBXFileReference; includeInIndex = 1; lastKnownFileType = text.xcconfig; name = "Pods-DemoAppUITests.release.xcconfig"; path = "Target Support Files/Pods-DemoAppUITests/Pods-DemoAppUITests.release.xcconfig"; sourceTree = "<group>"; };
		E89ACE75618FED13D2306ED4 /* Pods-DemoAppUITests.debug.xcconfig */ = {isa = PBXFileReference; includeInIndex = 1; lastKnownFileType = text.xcconfig; name = "Pods-DemoAppUITests.debug.xcconfig"; path = "Target Support Files/Pods-DemoAppUITests/Pods-DemoAppUITests.debug.xcconfig"; sourceTree = "<group>"; };
		F34ABE6A258A149A0078D722 /* HistoryTableViewCell.swift */ = {isa = PBXFileReference; lastKnownFileType = sourcecode.swift; path = HistoryTableViewCell.swift; sourceTree = "<group>"; };
		F34ABE6B258A149A0078D722 /* HistoryTableViewCell.xib */ = {isa = PBXFileReference; lastKnownFileType = file.xib; path = HistoryTableViewCell.xib; sourceTree = "<group>"; };
		F3608CE42588EC6500E6765D /* LaunchScreen.storyboard */ = {isa = PBXFileReference; lastKnownFileType = file.storyboard; path = LaunchScreen.storyboard; sourceTree = "<group>"; };
		F3608CE92588ECDE00E6765D /* Main.storyboard */ = {isa = PBXFileReference; lastKnownFileType = file.storyboard; path = Main.storyboard; sourceTree = "<group>"; };
		F3608CF32588F16400E6765D /* RegisterViewController.swift */ = {isa = PBXFileReference; lastKnownFileType = sourcecode.swift; path = RegisterViewController.swift; sourceTree = "<group>"; };
		F3608D0525890C2A00E6765D /* HistoryViewController.swift */ = {isa = PBXFileReference; lastKnownFileType = sourcecode.swift; path = HistoryViewController.swift; sourceTree = "<group>"; };
		F3FE624D2587CF7300B4B4DB /* DemoApp.app */ = {isa = PBXFileReference; explicitFileType = wrapper.application; includeInIndex = 0; path = DemoApp.app; sourceTree = BUILT_PRODUCTS_DIR; };
		F3FE62502587CF7300B4B4DB /* AppDelegate.swift */ = {isa = PBXFileReference; lastKnownFileType = sourcecode.swift; path = AppDelegate.swift; sourceTree = "<group>"; };
		F3FE62522587CF7300B4B4DB /* SceneDelegate.swift */ = {isa = PBXFileReference; lastKnownFileType = sourcecode.swift; path = SceneDelegate.swift; sourceTree = "<group>"; };
		F3FE62542587CF7300B4B4DB /* MainViewController.swift */ = {isa = PBXFileReference; lastKnownFileType = sourcecode.swift; path = MainViewController.swift; sourceTree = "<group>"; };
		F3FE625A2587CF7300B4B4DB /* DemoApp.xcdatamodel */ = {isa = PBXFileReference; lastKnownFileType = wrapper.xcdatamodel; path = DemoApp.xcdatamodel; sourceTree = "<group>"; };
		F3FE625C2587CF7600B4B4DB /* Assets.xcassets */ = {isa = PBXFileReference; lastKnownFileType = folder.assetcatalog; path = Assets.xcassets; sourceTree = "<group>"; };
		F3FE62612587CF7600B4B4DB /* Info.plist */ = {isa = PBXFileReference; lastKnownFileType = text.plist.xml; path = Info.plist; sourceTree = "<group>"; };
		F3FE62662587CF7600B4B4DB /* DemoAppTests.xctest */ = {isa = PBXFileReference; explicitFileType = wrapper.cfbundle; includeInIndex = 0; path = DemoAppTests.xctest; sourceTree = BUILT_PRODUCTS_DIR; };
		F3FE626A2587CF7600B4B4DB /* DemoAppTests.swift */ = {isa = PBXFileReference; lastKnownFileType = sourcecode.swift; path = DemoAppTests.swift; sourceTree = "<group>"; };
		F3FE626C2587CF7600B4B4DB /* Info.plist */ = {isa = PBXFileReference; lastKnownFileType = text.plist.xml; path = Info.plist; sourceTree = "<group>"; };
		F3FE62712587CF7600B4B4DB /* DemoAppUITests.xctest */ = {isa = PBXFileReference; explicitFileType = wrapper.cfbundle; includeInIndex = 0; path = DemoAppUITests.xctest; sourceTree = BUILT_PRODUCTS_DIR; };
		F3FE62752587CF7600B4B4DB /* DemoAppUITests.swift */ = {isa = PBXFileReference; lastKnownFileType = sourcecode.swift; path = DemoAppUITests.swift; sourceTree = "<group>"; };
		F3FE62772587CF7600B4B4DB /* Info.plist */ = {isa = PBXFileReference; lastKnownFileType = text.plist.xml; path = Info.plist; sourceTree = "<group>"; };
		F3FE62B02587D84900B4B4DB /* LoginViewController.swift */ = {isa = PBXFileReference; lastKnownFileType = sourcecode.swift; path = LoginViewController.swift; sourceTree = "<group>"; };
		F3FE62B82587D8FA00B4B4DB /* DemoApp.entitlements */ = {isa = PBXFileReference; lastKnownFileType = text.plist.entitlements; path = DemoApp.entitlements; sourceTree = "<group>"; };
/* End PBXFileReference section */

/* Begin PBXFrameworksBuildPhase section */
		F3FE624A2587CF7300B4B4DB /* Frameworks */ = {
			isa = PBXFrameworksBuildPhase;
			buildActionMask = 2147483647;
			files = (
				15B0646BFA925CAC072A7D36 /* Pods_DemoApp.framework in Frameworks */,
			);
			runOnlyForDeploymentPostprocessing = 0;
		};
		F3FE62632587CF7600B4B4DB /* Frameworks */ = {
			isa = PBXFrameworksBuildPhase;
			buildActionMask = 2147483647;
			files = (
				61794EB33FBC6574D59DCABC /* Pods_DemoAppTests.framework in Frameworks */,
			);
			runOnlyForDeploymentPostprocessing = 0;
		};
		F3FE626E2587CF7600B4B4DB /* Frameworks */ = {
			isa = PBXFrameworksBuildPhase;
			buildActionMask = 2147483647;
			files = (
				CD7FE974F1B275FBBCA58690 /* Pods_DemoAppUITests.framework in Frameworks */,
			);
			runOnlyForDeploymentPostprocessing = 0;
		};
/* End PBXFrameworksBuildPhase section */

/* Begin PBXGroup section */
		63E193C5497AA4D0B4F4F1A5 /* Pods */ = {
			isa = PBXGroup;
			children = (
				4129FDF04405AA377EAC44F5 /* Pods-DemoApp.debug.xcconfig */,
				535FE9491DA32DE02FC114F8 /* Pods-DemoApp.release.xcconfig */,
				648630C1F7B310C11315BC72 /* Pods-DemoAppTests.debug.xcconfig */,
				00A8A989F361694F13195711 /* Pods-DemoAppTests.release.xcconfig */,
				E89ACE75618FED13D2306ED4 /* Pods-DemoAppUITests.debug.xcconfig */,
				7228C06E07DC348681509A92 /* Pods-DemoAppUITests.release.xcconfig */,
			);
			name = Pods;
			path = Pods;
			sourceTree = "<group>";
		};
		89BE838CF1574629F8DA127B /* Frameworks */ = {
			isa = PBXGroup;
			children = (
				4F64CC49FF3F79AAEB27A8B1 /* Pods_DemoApp.framework */,
				2EC60B6AEC1CD75D47845B45 /* Pods_DemoAppTests.framework */,
				057A37319C6CEC86D364D57A /* Pods_DemoAppUITests.framework */,
			);
			name = Frameworks;
			sourceTree = "<group>";
		};
		F3FE62422587CF5400B4B4DB = {
			isa = PBXGroup;
			children = (
				F3FE624F2587CF7300B4B4DB /* DemoApp */,
				F3FE62692587CF7600B4B4DB /* DemoAppTests */,
				F3FE62742587CF7600B4B4DB /* DemoAppUITests */,
				F3FE624E2587CF7300B4B4DB /* Products */,
				63E193C5497AA4D0B4F4F1A5 /* Pods */,
				89BE838CF1574629F8DA127B /* Frameworks */,
			);
			sourceTree = "<group>";
		};
		F3FE624E2587CF7300B4B4DB /* Products */ = {
			isa = PBXGroup;
			children = (
				F3FE624D2587CF7300B4B4DB /* DemoApp.app */,
				F3FE62662587CF7600B4B4DB /* DemoAppTests.xctest */,
				F3FE62712587CF7600B4B4DB /* DemoAppUITests.xctest */,
			);
			name = Products;
			sourceTree = "<group>";
		};
		F3FE624F2587CF7300B4B4DB /* DemoApp */ = {
			isa = PBXGroup;
			children = (
				F3FE62B82587D8FA00B4B4DB /* DemoApp.entitlements */,
				F3FE62502587CF7300B4B4DB /* AppDelegate.swift */,
				F3FE62522587CF7300B4B4DB /* SceneDelegate.swift */,
				F3FE62542587CF7300B4B4DB /* MainViewController.swift */,
				F3608CF32588F16400E6765D /* RegisterViewController.swift */,
				F3FE62B02587D84900B4B4DB /* LoginViewController.swift */,
				F3608D0525890C2A00E6765D /* HistoryViewController.swift */,
				F34ABE6A258A149A0078D722 /* HistoryTableViewCell.swift */,
				F34ABE6B258A149A0078D722 /* HistoryTableViewCell.xib */,
				F3608CE92588ECDE00E6765D /* Main.storyboard */,
				F3FE625C2587CF7600B4B4DB /* Assets.xcassets */,
				F3608CE42588EC6500E6765D /* LaunchScreen.storyboard */,
				F3FE62612587CF7600B4B4DB /* Info.plist */,
				F3FE62592587CF7300B4B4DB /* DemoApp.xcdatamodeld */,
			);
			path = DemoApp;
			sourceTree = "<group>";
		};
		F3FE62692587CF7600B4B4DB /* DemoAppTests */ = {
			isa = PBXGroup;
			children = (
				F3FE626A2587CF7600B4B4DB /* DemoAppTests.swift */,
				F3FE626C2587CF7600B4B4DB /* Info.plist */,
			);
			path = DemoAppTests;
			sourceTree = "<group>";
		};
		F3FE62742587CF7600B4B4DB /* DemoAppUITests */ = {
			isa = PBXGroup;
			children = (
				F3FE62752587CF7600B4B4DB /* DemoAppUITests.swift */,
				F3FE62772587CF7600B4B4DB /* Info.plist */,
			);
			path = DemoAppUITests;
			sourceTree = "<group>";
		};
/* End PBXGroup section */

/* Begin PBXNativeTarget section */
		F3FE624C2587CF7300B4B4DB /* DemoApp */ = {
			isa = PBXNativeTarget;
			buildConfigurationList = F3FE62782587CF7600B4B4DB /* Build configuration list for PBXNativeTarget "DemoApp" */;
			buildPhases = (
				87E1B0B6ADA8127CB468F819 /* [CP] Check Pods Manifest.lock */,
				F3FE62492587CF7300B4B4DB /* Sources */,
				F3FE624A2587CF7300B4B4DB /* Frameworks */,
				F3FE624B2587CF7300B4B4DB /* Resources */,
				F3608D332589367700E6765D /* Embed Frameworks */,
				15C7F24EAA4DAD2CAFF0243E /* [CP] Embed Pods Frameworks */,
			);
			buildRules = (
			);
			dependencies = (
			);
			name = DemoApp;
			productName = DemoApp;
			productReference = F3FE624D2587CF7300B4B4DB /* DemoApp.app */;
			productType = "com.apple.product-type.application";
		};
		F3FE62652587CF7600B4B4DB /* DemoAppTests */ = {
			isa = PBXNativeTarget;
			buildConfigurationList = F3FE627B2587CF7600B4B4DB /* Build configuration list for PBXNativeTarget "DemoAppTests" */;
			buildPhases = (
				4774E6E1C3E47E19E7AFE317 /* [CP] Check Pods Manifest.lock */,
				F3FE62622587CF7600B4B4DB /* Sources */,
				F3FE62632587CF7600B4B4DB /* Frameworks */,
				F3FE62642587CF7600B4B4DB /* Resources */,
			);
			buildRules = (
			);
			dependencies = (
				F3FE62682587CF7600B4B4DB /* PBXTargetDependency */,
			);
			name = DemoAppTests;
			productName = DemoAppTests;
			productReference = F3FE62662587CF7600B4B4DB /* DemoAppTests.xctest */;
			productType = "com.apple.product-type.bundle.unit-test";
		};
		F3FE62702587CF7600B4B4DB /* DemoAppUITests */ = {
			isa = PBXNativeTarget;
			buildConfigurationList = F3FE627E2587CF7600B4B4DB /* Build configuration list for PBXNativeTarget "DemoAppUITests" */;
			buildPhases = (
				08192D3965CF6707DC8DC866 /* [CP] Check Pods Manifest.lock */,
				F3FE626D2587CF7600B4B4DB /* Sources */,
				F3FE626E2587CF7600B4B4DB /* Frameworks */,
				F3FE626F2587CF7600B4B4DB /* Resources */,
			);
			buildRules = (
			);
			dependencies = (
				F3FE62732587CF7600B4B4DB /* PBXTargetDependency */,
			);
			name = DemoAppUITests;
			productName = DemoAppUITests;
			productReference = F3FE62712587CF7600B4B4DB /* DemoAppUITests.xctest */;
			productType = "com.apple.product-type.bundle.ui-testing";
		};
/* End PBXNativeTarget section */

/* Begin PBXProject section */
		F3FE62432587CF5400B4B4DB /* Project object */ = {
			isa = PBXProject;
			attributes = {
				CLASSPREFIX = TD;
				LastSwiftUpdateCheck = 1220;
				LastUpgradeCheck = 1230;
				ORGANIZATIONNAME = "TruongDang Inc";
				TargetAttributes = {
					F3FE624C2587CF7300B4B4DB = {
						CreatedOnToolsVersion = 12.2;
					};
					F3FE62652587CF7600B4B4DB = {
						CreatedOnToolsVersion = 12.2;
						TestTargetID = F3FE624C2587CF7300B4B4DB;
					};
					F3FE62702587CF7600B4B4DB = {
						CreatedOnToolsVersion = 12.2;
						TestTargetID = F3FE624C2587CF7300B4B4DB;
					};
				};
			};
			buildConfigurationList = F3FE62462587CF5400B4B4DB /* Build configuration list for PBXProject "TDFrameworkDemoApp" */;
			compatibilityVersion = "Xcode 9.3";
			developmentRegion = en;
			hasScannedForEncodings = 0;
			knownRegions = (
				en,
				Base,
			);
			mainGroup = F3FE62422587CF5400B4B4DB;
			productRefGroup = F3FE624E2587CF7300B4B4DB /* Products */;
			projectDirPath = "";
			projectRoot = "";
			targets = (
				F3FE624C2587CF7300B4B4DB /* DemoApp */,
				F3FE62652587CF7600B4B4DB /* DemoAppTests */,
				F3FE62702587CF7600B4B4DB /* DemoAppUITests */,
			);
		};
/* End PBXProject section */

/* Begin PBXResourcesBuildPhase section */
		F3FE624B2587CF7300B4B4DB /* Resources */ = {
			isa = PBXResourcesBuildPhase;
			buildActionMask = 2147483647;
			files = (
				F3608CE52588EC6500E6765D /* LaunchScreen.storyboard in Resources */,
				F3FE625D2587CF7600B4B4DB /* Assets.xcassets in Resources */,
				F34ABE6D258A149A0078D722 /* HistoryTableViewCell.xib in Resources */,
				F3608CEA2588ECDE00E6765D /* Main.storyboard in Resources */,
			);
			runOnlyForDeploymentPostprocessing = 0;
		};
		F3FE62642587CF7600B4B4DB /* Resources */ = {
			isa = PBXResourcesBuildPhase;
			buildActionMask = 2147483647;
			files = (
			);
			runOnlyForDeploymentPostprocessing = 0;
		};
		F3FE626F2587CF7600B4B4DB /* Resources */ = {
			isa = PBXResourcesBuildPhase;
			buildActionMask = 2147483647;
			files = (
			);
			runOnlyForDeploymentPostprocessing = 0;
		};
/* End PBXResourcesBuildPhase section */

/* Begin PBXShellScriptBuildPhase section */
		08192D3965CF6707DC8DC866 /* [CP] Check Pods Manifest.lock */ = {
			isa = PBXShellScriptBuildPhase;
			buildActionMask = 2147483647;
			files = (
			);
			inputFileListPaths = (
			);
			inputPaths = (
				"${PODS_PODFILE_DIR_PATH}/Podfile.lock",
				"${PODS_ROOT}/Manifest.lock",
			);
			name = "[CP] Check Pods Manifest.lock";
			outputFileListPaths = (
			);
			outputPaths = (
				"$(DERIVED_FILE_DIR)/Pods-DemoAppUITests-checkManifestLockResult.txt",
			);
			runOnlyForDeploymentPostprocessing = 0;
			shellPath = /bin/sh;
			shellScript = "diff \"${PODS_PODFILE_DIR_PATH}/Podfile.lock\" \"${PODS_ROOT}/Manifest.lock\" > /dev/null\nif [ $? != 0 ] ; then\n    # print error to STDERR\n    echo \"error: The sandbox is not in sync with the Podfile.lock. Run 'pod install' or update your CocoaPods installation.\" >&2\n    exit 1\nfi\n# This output is used by Xcode 'outputs' to avoid re-running this script phase.\necho \"SUCCESS\" > \"${SCRIPT_OUTPUT_FILE_0}\"\n";
			showEnvVarsInLog = 0;
		};
		15C7F24EAA4DAD2CAFF0243E /* [CP] Embed Pods Frameworks */ = {
			isa = PBXShellScriptBuildPhase;
			buildActionMask = 2147483647;
			files = (
			);
			inputFileListPaths = (
				"${PODS_ROOT}/Target Support Files/Pods-DemoApp/Pods-DemoApp-frameworks-${CONFIGURATION}-input-files.xcfilelist",
			);
			name = "[CP] Embed Pods Frameworks";
			outputFileListPaths = (
				"${PODS_ROOT}/Target Support Files/Pods-DemoApp/Pods-DemoApp-frameworks-${CONFIGURATION}-output-files.xcfilelist",
			);
			runOnlyForDeploymentPostprocessing = 0;
			shellPath = /bin/sh;
			shellScript = "\"${PODS_ROOT}/Target Support Files/Pods-DemoApp/Pods-DemoApp-frameworks.sh\"\n";
			showEnvVarsInLog = 0;
		};
		4774E6E1C3E47E19E7AFE317 /* [CP] Check Pods Manifest.lock */ = {
			isa = PBXShellScriptBuildPhase;
			buildActionMask = 2147483647;
			files = (
			);
			inputFileListPaths = (
			);
			inputPaths = (
				"${PODS_PODFILE_DIR_PATH}/Podfile.lock",
				"${PODS_ROOT}/Manifest.lock",
			);
			name = "[CP] Check Pods Manifest.lock";
			outputFileListPaths = (
			);
			outputPaths = (
				"$(DERIVED_FILE_DIR)/Pods-DemoAppTests-checkManifestLockResult.txt",
			);
			runOnlyForDeploymentPostprocessing = 0;
			shellPath = /bin/sh;
			shellScript = "diff \"${PODS_PODFILE_DIR_PATH}/Podfile.lock\" \"${PODS_ROOT}/Manifest.lock\" > /dev/null\nif [ $? != 0 ] ; then\n    # print error to STDERR\n    echo \"error: The sandbox is not in sync with the Podfile.lock. Run 'pod install' or update your CocoaPods installation.\" >&2\n    exit 1\nfi\n# This output is used by Xcode 'outputs' to avoid re-running this script phase.\necho \"SUCCESS\" > \"${SCRIPT_OUTPUT_FILE_0}\"\n";
			showEnvVarsInLog = 0;
		};
		87E1B0B6ADA8127CB468F819 /* [CP] Check Pods Manifest.lock */ = {
			isa = PBXShellScriptBuildPhase;
			buildActionMask = 2147483647;
			files = (
			);
			inputFileListPaths = (
			);
			inputPaths = (
				"${PODS_PODFILE_DIR_PATH}/Podfile.lock",
				"${PODS_ROOT}/Manifest.lock",
			);
			name = "[CP] Check Pods Manifest.lock";
			outputFileListPaths = (
			);
			outputPaths = (
				"$(DERIVED_FILE_DIR)/Pods-DemoApp-checkManifestLockResult.txt",
			);
			runOnlyForDeploymentPostprocessing = 0;
			shellPath = /bin/sh;
			shellScript = "diff \"${PODS_PODFILE_DIR_PATH}/Podfile.lock\" \"${PODS_ROOT}/Manifest.lock\" > /dev/null\nif [ $? != 0 ] ; then\n    # print error to STDERR\n    echo \"error: The sandbox is not in sync with the Podfile.lock. Run 'pod install' or update your CocoaPods installation.\" >&2\n    exit 1\nfi\n# This output is used by Xcode 'outputs' to avoid re-running this script phase.\necho \"SUCCESS\" > \"${SCRIPT_OUTPUT_FILE_0}\"\n";
			showEnvVarsInLog = 0;
		};
/* End PBXShellScriptBuildPhase section */

/* Begin PBXSourcesBuildPhase section */
		F3FE62492587CF7300B4B4DB /* Sources */ = {
			isa = PBXSourcesBuildPhase;
			buildActionMask = 2147483647;
			files = (
				F3608D0625890C2A00E6765D /* HistoryViewController.swift in Sources */,
				F3FE62552587CF7300B4B4DB /* MainViewController.swift in Sources */,
				F34ABE6C258A149A0078D722 /* HistoryTableViewCell.swift in Sources */,
				F3FE62512587CF7300B4B4DB /* AppDelegate.swift in Sources */,
				F3FE625B2587CF7300B4B4DB /* DemoApp.xcdatamodeld in Sources */,
				F3608CF42588F16400E6765D /* RegisterViewController.swift in Sources */,
				F3FE62B12587D84900B4B4DB /* LoginViewController.swift in Sources */,
				F3FE62532587CF7300B4B4DB /* SceneDelegate.swift in Sources */,
			);
			runOnlyForDeploymentPostprocessing = 0;
		};
		F3FE62622587CF7600B4B4DB /* Sources */ = {
			isa = PBXSourcesBuildPhase;
			buildActionMask = 2147483647;
			files = (
				F3FE626B2587CF7600B4B4DB /* DemoAppTests.swift in Sources */,
			);
			runOnlyForDeploymentPostprocessing = 0;
		};
		F3FE626D2587CF7600B4B4DB /* Sources */ = {
			isa = PBXSourcesBuildPhase;
			buildActionMask = 2147483647;
			files = (
				F3FE62762587CF7600B4B4DB /* DemoAppUITests.swift in Sources */,
			);
			runOnlyForDeploymentPostprocessing = 0;
		};
/* End PBXSourcesBuildPhase section */

/* Begin PBXTargetDependency section */
		F3FE62682587CF7600B4B4DB /* PBXTargetDependency */ = {
			isa = PBXTargetDependency;
			target = F3FE624C2587CF7300B4B4DB /* DemoApp */;
			targetProxy = F3FE62672587CF7600B4B4DB /* PBXContainerItemProxy */;
		};
		F3FE62732587CF7600B4B4DB /* PBXTargetDependency */ = {
			isa = PBXTargetDependency;
			target = F3FE624C2587CF7300B4B4DB /* DemoApp */;
			targetProxy = F3FE62722587CF7600B4B4DB /* PBXContainerItemProxy */;
		};
/* End PBXTargetDependency section */

/* Begin XCBuildConfiguration section */
		F3FE62472587CF5400B4B4DB /* Debug */ = {
			isa = XCBuildConfiguration;
			buildSettings = {
				CLANG_WARN_BLOCK_CAPTURE_AUTORELEASING = YES;
				CLANG_WARN_BOOL_CONVERSION = YES;
				CLANG_WARN_COMMA = YES;
				CLANG_WARN_CONSTANT_CONVERSION = YES;
				CLANG_WARN_DEPRECATED_OBJC_IMPLEMENTATIONS = YES;
				CLANG_WARN_EMPTY_BODY = YES;
				CLANG_WARN_ENUM_CONVERSION = YES;
				CLANG_WARN_INFINITE_RECURSION = YES;
				CLANG_WARN_INT_CONVERSION = YES;
				CLANG_WARN_NON_LITERAL_NULL_CONVERSION = YES;
				CLANG_WARN_OBJC_IMPLICIT_RETAIN_SELF = YES;
				CLANG_WARN_OBJC_LITERAL_CONVERSION = YES;
				CLANG_WARN_QUOTED_INCLUDE_IN_FRAMEWORK_HEADER = YES;
				CLANG_WARN_RANGE_LOOP_ANALYSIS = YES;
				CLANG_WARN_STRICT_PROTOTYPES = YES;
				CLANG_WARN_SUSPICIOUS_MOVE = YES;
				CLANG_WARN_UNREACHABLE_CODE = YES;
				CLANG_WARN__DUPLICATE_METHOD_MATCH = YES;
				ENABLE_STRICT_OBJC_MSGSEND = YES;
				ENABLE_TESTABILITY = YES;
				GCC_NO_COMMON_BLOCKS = YES;
				GCC_WARN_64_TO_32_BIT_CONVERSION = YES;
				GCC_WARN_ABOUT_RETURN_TYPE = YES;
				GCC_WARN_UNDECLARED_SELECTOR = YES;
				GCC_WARN_UNINITIALIZED_AUTOS = YES;
				GCC_WARN_UNUSED_FUNCTION = YES;
				GCC_WARN_UNUSED_VARIABLE = YES;
				IPHONEOS_DEPLOYMENT_TARGET = 12.0;
				MACOSX_DEPLOYMENT_TARGET = 10.14;
				ONLY_ACTIVE_ARCH = YES;
				SWIFT_VERSION = 5.0;
				TVOS_DEPLOYMENT_TARGET = 12.0;
				WATCHOS_DEPLOYMENT_TARGET = 5.0;
			};
			name = Debug;
		};
		F3FE62482587CF5400B4B4DB /* Release */ = {
			isa = XCBuildConfiguration;
			buildSettings = {
				CLANG_WARN_BLOCK_CAPTURE_AUTORELEASING = YES;
				CLANG_WARN_BOOL_CONVERSION = YES;
				CLANG_WARN_COMMA = YES;
				CLANG_WARN_CONSTANT_CONVERSION = YES;
				CLANG_WARN_DEPRECATED_OBJC_IMPLEMENTATIONS = YES;
				CLANG_WARN_EMPTY_BODY = YES;
				CLANG_WARN_ENUM_CONVERSION = YES;
				CLANG_WARN_INFINITE_RECURSION = YES;
				CLANG_WARN_INT_CONVERSION = YES;
				CLANG_WARN_NON_LITERAL_NULL_CONVERSION = YES;
				CLANG_WARN_OBJC_IMPLICIT_RETAIN_SELF = YES;
				CLANG_WARN_OBJC_LITERAL_CONVERSION = YES;
				CLANG_WARN_QUOTED_INCLUDE_IN_FRAMEWORK_HEADER = YES;
				CLANG_WARN_RANGE_LOOP_ANALYSIS = YES;
				CLANG_WARN_STRICT_PROTOTYPES = YES;
				CLANG_WARN_SUSPICIOUS_MOVE = YES;
				CLANG_WARN_UNREACHABLE_CODE = YES;
				CLANG_WARN__DUPLICATE_METHOD_MATCH = YES;
				ENABLE_STRICT_OBJC_MSGSEND = YES;
				GCC_NO_COMMON_BLOCKS = YES;
				GCC_WARN_64_TO_32_BIT_CONVERSION = YES;
				GCC_WARN_ABOUT_RETURN_TYPE = YES;
				GCC_WARN_UNDECLARED_SELECTOR = YES;
				GCC_WARN_UNINITIALIZED_AUTOS = YES;
				GCC_WARN_UNUSED_FUNCTION = YES;
				GCC_WARN_UNUSED_VARIABLE = YES;
				IPHONEOS_DEPLOYMENT_TARGET = 12.0;
				MACOSX_DEPLOYMENT_TARGET = 10.14;
				SWIFT_VERSION = 5.0;
				TVOS_DEPLOYMENT_TARGET = 12.0;
				WATCHOS_DEPLOYMENT_TARGET = 5.0;
			};
			name = Release;
		};
		F3FE62792587CF7600B4B4DB /* Debug */ = {
			isa = XCBuildConfiguration;
			baseConfigurationReference = 4129FDF04405AA377EAC44F5 /* Pods-DemoApp.debug.xcconfig */;
			buildSettings = {
				ALWAYS_SEARCH_USER_PATHS = NO;
				ASSETCATALOG_COMPILER_APPICON_NAME = AppIcon;
				ASSETCATALOG_COMPILER_GLOBAL_ACCENT_COLOR_NAME = AccentColor;
				CLANG_ANALYZER_NONNULL = YES;
				CLANG_ANALYZER_NUMBER_OBJECT_CONVERSION = YES_AGGRESSIVE;
				CLANG_CXX_LANGUAGE_STANDARD = "gnu++14";
				CLANG_CXX_LIBRARY = "libc++";
				CLANG_ENABLE_MODULES = YES;
				CLANG_ENABLE_OBJC_ARC = YES;
				CLANG_ENABLE_OBJC_WEAK = YES;
				CLANG_WARN_BLOCK_CAPTURE_AUTORELEASING = YES;
				CLANG_WARN_BOOL_CONVERSION = YES;
				CLANG_WARN_COMMA = YES;
				CLANG_WARN_CONSTANT_CONVERSION = YES;
				CLANG_WARN_DEPRECATED_OBJC_IMPLEMENTATIONS = YES;
				CLANG_WARN_DIRECT_OBJC_ISA_USAGE = YES_ERROR;
				CLANG_WARN_DOCUMENTATION_COMMENTS = YES;
				CLANG_WARN_EMPTY_BODY = YES;
				CLANG_WARN_ENUM_CONVERSION = YES;
				CLANG_WARN_INFINITE_RECURSION = YES;
				CLANG_WARN_INT_CONVERSION = YES;
				CLANG_WARN_NON_LITERAL_NULL_CONVERSION = YES;
				CLANG_WARN_OBJC_IMPLICIT_RETAIN_SELF = YES;
				CLANG_WARN_OBJC_LITERAL_CONVERSION = YES;
				CLANG_WARN_OBJC_ROOT_CLASS = YES_ERROR;
				CLANG_WARN_QUOTED_INCLUDE_IN_FRAMEWORK_HEADER = YES;
				CLANG_WARN_RANGE_LOOP_ANALYSIS = YES;
				CLANG_WARN_STRICT_PROTOTYPES = YES;
				CLANG_WARN_SUSPICIOUS_MOVE = YES;
				CLANG_WARN_UNGUARDED_AVAILABILITY = YES_AGGRESSIVE;
				CLANG_WARN_UNREACHABLE_CODE = YES;
				CLANG_WARN__DUPLICATE_METHOD_MATCH = YES;
				CODE_SIGN_ENTITLEMENTS = DemoApp/DemoApp.entitlements;
				CODE_SIGN_STYLE = Automatic;
				COPY_PHASE_STRIP = NO;
				DEBUG_INFORMATION_FORMAT = dwarf;
				ENABLE_STRICT_OBJC_MSGSEND = YES;
				ENABLE_TESTABILITY = YES;
				FRAMEWORK_SEARCH_PATHS = (
					"$(inherited)",
					"$(PROJECT_DIR)/DemoApp",
				);
				GCC_C_LANGUAGE_STANDARD = gnu11;
				GCC_DYNAMIC_NO_PIC = NO;
				GCC_NO_COMMON_BLOCKS = YES;
				GCC_OPTIMIZATION_LEVEL = 0;
				GCC_PREPROCESSOR_DEFINITIONS = (
					"DEBUG=1",
					"$(inherited)",
				);
				GCC_WARN_64_TO_32_BIT_CONVERSION = YES;
				GCC_WARN_ABOUT_RETURN_TYPE = YES_ERROR;
				GCC_WARN_UNDECLARED_SELECTOR = YES;
				GCC_WARN_UNINITIALIZED_AUTOS = YES_AGGRESSIVE;
				GCC_WARN_UNUSED_FUNCTION = YES;
				GCC_WARN_UNUSED_VARIABLE = YES;
				INFOPLIST_FILE = DemoApp/Info.plist;
				LD_RUNPATH_SEARCH_PATHS = (
					"$(inherited)",
					"@executable_path/Frameworks",
				);
				MTL_ENABLE_DEBUG_INFO = INCLUDE_SOURCE;
				MTL_FAST_MATH = YES;
				ONLY_ACTIVE_ARCH = YES;
				PRODUCT_BUNDLE_IDENTIFIER = "example.truongdv.demo-app";
				PRODUCT_NAME = "$(TARGET_NAME)";
				SDKROOT = iphoneos;
				SUPPORTS_MACCATALYST = YES;
				SUPPORTS_MAC_DESIGNED_FOR_IPHONE_IPAD = YES;
				SWIFT_ACTIVE_COMPILATION_CONDITIONS = DEBUG;
				SWIFT_OPTIMIZATION_LEVEL = "-Onone";
				SWIFT_VERSION = 5.0;
				TARGETED_DEVICE_FAMILY = "1,2";
			};
			name = Debug;
		};
		F3FE627A2587CF7600B4B4DB /* Release */ = {
			isa = XCBuildConfiguration;
			baseConfigurationReference = 535FE9491DA32DE02FC114F8 /* Pods-DemoApp.release.xcconfig */;
			buildSettings = {
				ALWAYS_SEARCH_USER_PATHS = NO;
				ASSETCATALOG_COMPILER_APPICON_NAME = AppIcon;
				ASSETCATALOG_COMPILER_GLOBAL_ACCENT_COLOR_NAME = AccentColor;
				CLANG_ANALYZER_NONNULL = YES;
				CLANG_ANALYZER_NUMBER_OBJECT_CONVERSION = YES_AGGRESSIVE;
				CLANG_CXX_LANGUAGE_STANDARD = "gnu++14";
				CLANG_CXX_LIBRARY = "libc++";
				CLANG_ENABLE_MODULES = YES;
				CLANG_ENABLE_OBJC_ARC = YES;
				CLANG_ENABLE_OBJC_WEAK = YES;
				CLANG_WARN_BLOCK_CAPTURE_AUTORELEASING = YES;
				CLANG_WARN_BOOL_CONVERSION = YES;
				CLANG_WARN_COMMA = YES;
				CLANG_WARN_CONSTANT_CONVERSION = YES;
				CLANG_WARN_DEPRECATED_OBJC_IMPLEMENTATIONS = YES;
				CLANG_WARN_DIRECT_OBJC_ISA_USAGE = YES_ERROR;
				CLANG_WARN_DOCUMENTATION_COMMENTS = YES;
				CLANG_WARN_EMPTY_BODY = YES;
				CLANG_WARN_ENUM_CONVERSION = YES;
				CLANG_WARN_INFINITE_RECURSION = YES;
				CLANG_WARN_INT_CONVERSION = YES;
				CLANG_WARN_NON_LITERAL_NULL_CONVERSION = YES;
				CLANG_WARN_OBJC_IMPLICIT_RETAIN_SELF = YES;
				CLANG_WARN_OBJC_LITERAL_CONVERSION = YES;
				CLANG_WARN_OBJC_ROOT_CLASS = YES_ERROR;
				CLANG_WARN_QUOTED_INCLUDE_IN_FRAMEWORK_HEADER = YES;
				CLANG_WARN_RANGE_LOOP_ANALYSIS = YES;
				CLANG_WARN_STRICT_PROTOTYPES = YES;
				CLANG_WARN_SUSPICIOUS_MOVE = YES;
				CLANG_WARN_UNGUARDED_AVAILABILITY = YES_AGGRESSIVE;
				CLANG_WARN_UNREACHABLE_CODE = YES;
				CLANG_WARN__DUPLICATE_METHOD_MATCH = YES;
				CODE_SIGN_ENTITLEMENTS = DemoApp/DemoApp.entitlements;
				CODE_SIGN_STYLE = Automatic;
				COPY_PHASE_STRIP = NO;
				DEBUG_INFORMATION_FORMAT = "dwarf-with-dsym";
				ENABLE_NS_ASSERTIONS = NO;
				ENABLE_STRICT_OBJC_MSGSEND = YES;
				FRAMEWORK_SEARCH_PATHS = (
					"$(inherited)",
					"$(PROJECT_DIR)/DemoApp",
				);
				GCC_C_LANGUAGE_STANDARD = gnu11;
				GCC_NO_COMMON_BLOCKS = YES;
				GCC_WARN_64_TO_32_BIT_CONVERSION = YES;
				GCC_WARN_ABOUT_RETURN_TYPE = YES_ERROR;
				GCC_WARN_UNDECLARED_SELECTOR = YES;
				GCC_WARN_UNINITIALIZED_AUTOS = YES_AGGRESSIVE;
				GCC_WARN_UNUSED_FUNCTION = YES;
				GCC_WARN_UNUSED_VARIABLE = YES;
				INFOPLIST_FILE = DemoApp/Info.plist;
				LD_RUNPATH_SEARCH_PATHS = (
					"$(inherited)",
					"@executable_path/Frameworks",
				);
				MTL_ENABLE_DEBUG_INFO = NO;
				MTL_FAST_MATH = YES;
				PRODUCT_BUNDLE_IDENTIFIER = "example.truongdv.demo-app";
				PRODUCT_NAME = "$(TARGET_NAME)";
				SDKROOT = iphoneos;
				SUPPORTS_MACCATALYST = YES;
				SUPPORTS_MAC_DESIGNED_FOR_IPHONE_IPAD = YES;
				SWIFT_COMPILATION_MODE = wholemodule;
				SWIFT_OPTIMIZATION_LEVEL = "-O";
				SWIFT_VERSION = 5.0;
				TARGETED_DEVICE_FAMILY = "1,2";
				VALIDATE_PRODUCT = YES;
			};
			name = Release;
		};
		F3FE627C2587CF7600B4B4DB /* Debug */ = {
			isa = XCBuildConfiguration;
			baseConfigurationReference = 648630C1F7B310C11315BC72 /* Pods-DemoAppTests.debug.xcconfig */;
			buildSettings = {
				ALWAYS_EMBED_SWIFT_STANDARD_LIBRARIES = YES;
				ALWAYS_SEARCH_USER_PATHS = NO;
				BUNDLE_LOADER = "$(TEST_HOST)";
				CLANG_ANALYZER_NONNULL = YES;
				CLANG_ANALYZER_NUMBER_OBJECT_CONVERSION = YES_AGGRESSIVE;
				CLANG_CXX_LANGUAGE_STANDARD = "gnu++14";
				CLANG_CXX_LIBRARY = "libc++";
				CLANG_ENABLE_MODULES = YES;
				CLANG_ENABLE_OBJC_ARC = YES;
				CLANG_ENABLE_OBJC_WEAK = YES;
				CLANG_WARN_BLOCK_CAPTURE_AUTORELEASING = YES;
				CLANG_WARN_BOOL_CONVERSION = YES;
				CLANG_WARN_COMMA = YES;
				CLANG_WARN_CONSTANT_CONVERSION = YES;
				CLANG_WARN_DEPRECATED_OBJC_IMPLEMENTATIONS = YES;
				CLANG_WARN_DIRECT_OBJC_ISA_USAGE = YES_ERROR;
				CLANG_WARN_DOCUMENTATION_COMMENTS = YES;
				CLANG_WARN_EMPTY_BODY = YES;
				CLANG_WARN_ENUM_CONVERSION = YES;
				CLANG_WARN_INFINITE_RECURSION = YES;
				CLANG_WARN_INT_CONVERSION = YES;
				CLANG_WARN_NON_LITERAL_NULL_CONVERSION = YES;
				CLANG_WARN_OBJC_IMPLICIT_RETAIN_SELF = YES;
				CLANG_WARN_OBJC_LITERAL_CONVERSION = YES;
				CLANG_WARN_OBJC_ROOT_CLASS = YES_ERROR;
				CLANG_WARN_QUOTED_INCLUDE_IN_FRAMEWORK_HEADER = YES;
				CLANG_WARN_RANGE_LOOP_ANALYSIS = YES;
				CLANG_WARN_STRICT_PROTOTYPES = YES;
				CLANG_WARN_SUSPICIOUS_MOVE = YES;
				CLANG_WARN_UNGUARDED_AVAILABILITY = YES_AGGRESSIVE;
				CLANG_WARN_UNREACHABLE_CODE = YES;
				CLANG_WARN__DUPLICATE_METHOD_MATCH = YES;
				CODE_SIGN_STYLE = Automatic;
				COPY_PHASE_STRIP = NO;
				DEBUG_INFORMATION_FORMAT = dwarf;
				ENABLE_STRICT_OBJC_MSGSEND = YES;
				ENABLE_TESTABILITY = YES;
				GCC_C_LANGUAGE_STANDARD = gnu11;
				GCC_DYNAMIC_NO_PIC = NO;
				GCC_NO_COMMON_BLOCKS = YES;
				GCC_OPTIMIZATION_LEVEL = 0;
				GCC_PREPROCESSOR_DEFINITIONS = (
					"DEBUG=1",
					"$(inherited)",
				);
				GCC_WARN_64_TO_32_BIT_CONVERSION = YES;
				GCC_WARN_ABOUT_RETURN_TYPE = YES_ERROR;
				GCC_WARN_UNDECLARED_SELECTOR = YES;
				GCC_WARN_UNINITIALIZED_AUTOS = YES_AGGRESSIVE;
				GCC_WARN_UNUSED_FUNCTION = YES;
				GCC_WARN_UNUSED_VARIABLE = YES;
				INFOPLIST_FILE = DemoAppTests/Info.plist;
				LD_RUNPATH_SEARCH_PATHS = (
					"$(inherited)",
					"@executable_path/Frameworks",
					"@loader_path/Frameworks",
				);
				MTL_ENABLE_DEBUG_INFO = INCLUDE_SOURCE;
				MTL_FAST_MATH = YES;
				ONLY_ACTIVE_ARCH = YES;
				PRODUCT_BUNDLE_IDENTIFIER = example.truongdv.DemoAppTests;
				PRODUCT_NAME = "$(TARGET_NAME)";
				SDKROOT = iphoneos;
				SWIFT_ACTIVE_COMPILATION_CONDITIONS = DEBUG;
				SWIFT_OPTIMIZATION_LEVEL = "-Onone";
				SWIFT_VERSION = 5.0;
				TARGETED_DEVICE_FAMILY = "1,2";
				TEST_HOST = "$(BUILT_PRODUCTS_DIR)/DemoApp.app/DemoApp";
			};
			name = Debug;
		};
		F3FE627D2587CF7600B4B4DB /* Release */ = {
			isa = XCBuildConfiguration;
			baseConfigurationReference = 00A8A989F361694F13195711 /* Pods-DemoAppTests.release.xcconfig */;
			buildSettings = {
				ALWAYS_EMBED_SWIFT_STANDARD_LIBRARIES = YES;
				ALWAYS_SEARCH_USER_PATHS = NO;
				BUNDLE_LOADER = "$(TEST_HOST)";
				CLANG_ANALYZER_NONNULL = YES;
				CLANG_ANALYZER_NUMBER_OBJECT_CONVERSION = YES_AGGRESSIVE;
				CLANG_CXX_LANGUAGE_STANDARD = "gnu++14";
				CLANG_CXX_LIBRARY = "libc++";
				CLANG_ENABLE_MODULES = YES;
				CLANG_ENABLE_OBJC_ARC = YES;
				CLANG_ENABLE_OBJC_WEAK = YES;
				CLANG_WARN_BLOCK_CAPTURE_AUTORELEASING = YES;
				CLANG_WARN_BOOL_CONVERSION = YES;
				CLANG_WARN_COMMA = YES;
				CLANG_WARN_CONSTANT_CONVERSION = YES;
				CLANG_WARN_DEPRECATED_OBJC_IMPLEMENTATIONS = YES;
				CLANG_WARN_DIRECT_OBJC_ISA_USAGE = YES_ERROR;
				CLANG_WARN_DOCUMENTATION_COMMENTS = YES;
				CLANG_WARN_EMPTY_BODY = YES;
				CLANG_WARN_ENUM_CONVERSION = YES;
				CLANG_WARN_INFINITE_RECURSION = YES;
				CLANG_WARN_INT_CONVERSION = YES;
				CLANG_WARN_NON_LITERAL_NULL_CONVERSION = YES;
				CLANG_WARN_OBJC_IMPLICIT_RETAIN_SELF = YES;
				CLANG_WARN_OBJC_LITERAL_CONVERSION = YES;
				CLANG_WARN_OBJC_ROOT_CLASS = YES_ERROR;
				CLANG_WARN_QUOTED_INCLUDE_IN_FRAMEWORK_HEADER = YES;
				CLANG_WARN_RANGE_LOOP_ANALYSIS = YES;
				CLANG_WARN_STRICT_PROTOTYPES = YES;
				CLANG_WARN_SUSPICIOUS_MOVE = YES;
				CLANG_WARN_UNGUARDED_AVAILABILITY = YES_AGGRESSIVE;
				CLANG_WARN_UNREACHABLE_CODE = YES;
				CLANG_WARN__DUPLICATE_METHOD_MATCH = YES;
				CODE_SIGN_STYLE = Automatic;
				COPY_PHASE_STRIP = NO;
				DEBUG_INFORMATION_FORMAT = "dwarf-with-dsym";
				ENABLE_NS_ASSERTIONS = NO;
				ENABLE_STRICT_OBJC_MSGSEND = YES;
				GCC_C_LANGUAGE_STANDARD = gnu11;
				GCC_NO_COMMON_BLOCKS = YES;
				GCC_WARN_64_TO_32_BIT_CONVERSION = YES;
				GCC_WARN_ABOUT_RETURN_TYPE = YES_ERROR;
				GCC_WARN_UNDECLARED_SELECTOR = YES;
				GCC_WARN_UNINITIALIZED_AUTOS = YES_AGGRESSIVE;
				GCC_WARN_UNUSED_FUNCTION = YES;
				GCC_WARN_UNUSED_VARIABLE = YES;
				INFOPLIST_FILE = DemoAppTests/Info.plist;
				LD_RUNPATH_SEARCH_PATHS = (
					"$(inherited)",
					"@executable_path/Frameworks",
					"@loader_path/Frameworks",
				);
				MTL_ENABLE_DEBUG_INFO = NO;
				MTL_FAST_MATH = YES;
				PRODUCT_BUNDLE_IDENTIFIER = example.truongdv.DemoAppTests;
				PRODUCT_NAME = "$(TARGET_NAME)";
				SDKROOT = iphoneos;
				SWIFT_COMPILATION_MODE = wholemodule;
				SWIFT_OPTIMIZATION_LEVEL = "-O";
				SWIFT_VERSION = 5.0;
				TARGETED_DEVICE_FAMILY = "1,2";
				TEST_HOST = "$(BUILT_PRODUCTS_DIR)/DemoApp.app/DemoApp";
				VALIDATE_PRODUCT = YES;
			};
			name = Release;
		};
		F3FE627F2587CF7600B4B4DB /* Debug */ = {
			isa = XCBuildConfiguration;
			baseConfigurationReference = E89ACE75618FED13D2306ED4 /* Pods-DemoAppUITests.debug.xcconfig */;
			buildSettings = {
				ALWAYS_EMBED_SWIFT_STANDARD_LIBRARIES = YES;
				ALWAYS_SEARCH_USER_PATHS = NO;
				CLANG_ANALYZER_NONNULL = YES;
				CLANG_ANALYZER_NUMBER_OBJECT_CONVERSION = YES_AGGRESSIVE;
				CLANG_CXX_LANGUAGE_STANDARD = "gnu++14";
				CLANG_CXX_LIBRARY = "libc++";
				CLANG_ENABLE_MODULES = YES;
				CLANG_ENABLE_OBJC_ARC = YES;
				CLANG_ENABLE_OBJC_WEAK = YES;
				CLANG_WARN_BLOCK_CAPTURE_AUTORELEASING = YES;
				CLANG_WARN_BOOL_CONVERSION = YES;
				CLANG_WARN_COMMA = YES;
				CLANG_WARN_CONSTANT_CONVERSION = YES;
				CLANG_WARN_DEPRECATED_OBJC_IMPLEMENTATIONS = YES;
				CLANG_WARN_DIRECT_OBJC_ISA_USAGE = YES_ERROR;
				CLANG_WARN_DOCUMENTATION_COMMENTS = YES;
				CLANG_WARN_EMPTY_BODY = YES;
				CLANG_WARN_ENUM_CONVERSION = YES;
				CLANG_WARN_INFINITE_RECURSION = YES;
				CLANG_WARN_INT_CONVERSION = YES;
				CLANG_WARN_NON_LITERAL_NULL_CONVERSION = YES;
				CLANG_WARN_OBJC_IMPLICIT_RETAIN_SELF = YES;
				CLANG_WARN_OBJC_LITERAL_CONVERSION = YES;
				CLANG_WARN_OBJC_ROOT_CLASS = YES_ERROR;
				CLANG_WARN_QUOTED_INCLUDE_IN_FRAMEWORK_HEADER = YES;
				CLANG_WARN_RANGE_LOOP_ANALYSIS = YES;
				CLANG_WARN_STRICT_PROTOTYPES = YES;
				CLANG_WARN_SUSPICIOUS_MOVE = YES;
				CLANG_WARN_UNGUARDED_AVAILABILITY = YES_AGGRESSIVE;
				CLANG_WARN_UNREACHABLE_CODE = YES;
				CLANG_WARN__DUPLICATE_METHOD_MATCH = YES;
				CODE_SIGN_STYLE = Automatic;
				COPY_PHASE_STRIP = NO;
				DEBUG_INFORMATION_FORMAT = dwarf;
				ENABLE_STRICT_OBJC_MSGSEND = YES;
				ENABLE_TESTABILITY = YES;
				GCC_C_LANGUAGE_STANDARD = gnu11;
				GCC_DYNAMIC_NO_PIC = NO;
				GCC_NO_COMMON_BLOCKS = YES;
				GCC_OPTIMIZATION_LEVEL = 0;
				GCC_PREPROCESSOR_DEFINITIONS = (
					"DEBUG=1",
					"$(inherited)",
				);
				GCC_WARN_64_TO_32_BIT_CONVERSION = YES;
				GCC_WARN_ABOUT_RETURN_TYPE = YES_ERROR;
				GCC_WARN_UNDECLARED_SELECTOR = YES;
				GCC_WARN_UNINITIALIZED_AUTOS = YES_AGGRESSIVE;
				GCC_WARN_UNUSED_FUNCTION = YES;
				GCC_WARN_UNUSED_VARIABLE = YES;
				INFOPLIST_FILE = DemoAppUITests/Info.plist;
				LD_RUNPATH_SEARCH_PATHS = (
					"$(inherited)",
					"@executable_path/Frameworks",
					"@loader_path/Frameworks",
				);
				MTL_ENABLE_DEBUG_INFO = INCLUDE_SOURCE;
				MTL_FAST_MATH = YES;
				ONLY_ACTIVE_ARCH = YES;
				PRODUCT_BUNDLE_IDENTIFIER = example.truongdv.DemoAppUITests;
				PRODUCT_NAME = "$(TARGET_NAME)";
				SDKROOT = iphoneos;
				SWIFT_ACTIVE_COMPILATION_CONDITIONS = DEBUG;
				SWIFT_OPTIMIZATION_LEVEL = "-Onone";
				SWIFT_VERSION = 5.0;
				TARGETED_DEVICE_FAMILY = "1,2";
				TEST_TARGET_NAME = DemoApp;
			};
			name = Debug;
		};
		F3FE62802587CF7600B4B4DB /* Release */ = {
			isa = XCBuildConfiguration;
			baseConfigurationReference = 7228C06E07DC348681509A92 /* Pods-DemoAppUITests.release.xcconfig */;
			buildSettings = {
				ALWAYS_EMBED_SWIFT_STANDARD_LIBRARIES = YES;
				ALWAYS_SEARCH_USER_PATHS = NO;
				CLANG_ANALYZER_NONNULL = YES;
				CLANG_ANALYZER_NUMBER_OBJECT_CONVERSION = YES_AGGRESSIVE;
				CLANG_CXX_LANGUAGE_STANDARD = "gnu++14";
				CLANG_CXX_LIBRARY = "libc++";
				CLANG_ENABLE_MODULES = YES;
				CLANG_ENABLE_OBJC_ARC = YES;
				CLANG_ENABLE_OBJC_WEAK = YES;
				CLANG_WARN_BLOCK_CAPTURE_AUTORELEASING = YES;
				CLANG_WARN_BOOL_CONVERSION = YES;
				CLANG_WARN_COMMA = YES;
				CLANG_WARN_CONSTANT_CONVERSION = YES;
				CLANG_WARN_DEPRECATED_OBJC_IMPLEMENTATIONS = YES;
				CLANG_WARN_DIRECT_OBJC_ISA_USAGE = YES_ERROR;
				CLANG_WARN_DOCUMENTATION_COMMENTS = YES;
				CLANG_WARN_EMPTY_BODY = YES;
				CLANG_WARN_ENUM_CONVERSION = YES;
				CLANG_WARN_INFINITE_RECURSION = YES;
				CLANG_WARN_INT_CONVERSION = YES;
				CLANG_WARN_NON_LITERAL_NULL_CONVERSION = YES;
				CLANG_WARN_OBJC_IMPLICIT_RETAIN_SELF = YES;
				CLANG_WARN_OBJC_LITERAL_CONVERSION = YES;
				CLANG_WARN_OBJC_ROOT_CLASS = YES_ERROR;
				CLANG_WARN_QUOTED_INCLUDE_IN_FRAMEWORK_HEADER = YES;
				CLANG_WARN_RANGE_LOOP_ANALYSIS = YES;
				CLANG_WARN_STRICT_PROTOTYPES = YES;
				CLANG_WARN_SUSPICIOUS_MOVE = YES;
				CLANG_WARN_UNGUARDED_AVAILABILITY = YES_AGGRESSIVE;
				CLANG_WARN_UNREACHABLE_CODE = YES;
				CLANG_WARN__DUPLICATE_METHOD_MATCH = YES;
				CODE_SIGN_STYLE = Automatic;
				COPY_PHASE_STRIP = NO;
				DEBUG_INFORMATION_FORMAT = "dwarf-with-dsym";
				ENABLE_NS_ASSERTIONS = NO;
				ENABLE_STRICT_OBJC_MSGSEND = YES;
				GCC_C_LANGUAGE_STANDARD = gnu11;
				GCC_NO_COMMON_BLOCKS = YES;
				GCC_WARN_64_TO_32_BIT_CONVERSION = YES;
				GCC_WARN_ABOUT_RETURN_TYPE = YES_ERROR;
				GCC_WARN_UNDECLARED_SELECTOR = YES;
				GCC_WARN_UNINITIALIZED_AUTOS = YES_AGGRESSIVE;
				GCC_WARN_UNUSED_FUNCTION = YES;
				GCC_WARN_UNUSED_VARIABLE = YES;
				INFOPLIST_FILE = DemoAppUITests/Info.plist;
				LD_RUNPATH_SEARCH_PATHS = (
					"$(inherited)",
					"@executable_path/Frameworks",
					"@loader_path/Frameworks",
				);
				MTL_ENABLE_DEBUG_INFO = NO;
				MTL_FAST_MATH = YES;
				PRODUCT_BUNDLE_IDENTIFIER = example.truongdv.DemoAppUITests;
				PRODUCT_NAME = "$(TARGET_NAME)";
				SDKROOT = iphoneos;
				SWIFT_COMPILATION_MODE = wholemodule;
				SWIFT_OPTIMIZATION_LEVEL = "-O";
				SWIFT_VERSION = 5.0;
				TARGETED_DEVICE_FAMILY = "1,2";
				TEST_TARGET_NAME = DemoApp;
				VALIDATE_PRODUCT = YES;
			};
			name = Release;
		};
/* End XCBuildConfiguration section */

/* Begin XCConfigurationList section */
		F3FE62462587CF5400B4B4DB /* Build configuration list for PBXProject "TDFrameworkDemoApp" */ = {
			isa = XCConfigurationList;
			buildConfigurations = (
				F3FE62472587CF5400B4B4DB /* Debug */,
				F3FE62482587CF5400B4B4DB /* Release */,
			);
			defaultConfigurationIsVisible = 0;
			defaultConfigurationName = Release;
		};
		F3FE62782587CF7600B4B4DB /* Build configuration list for PBXNativeTarget "DemoApp" */ = {
			isa = XCConfigurationList;
			buildConfigurations = (
				F3FE62792587CF7600B4B4DB /* Debug */,
				F3FE627A2587CF7600B4B4DB /* Release */,
			);
			defaultConfigurationIsVisible = 0;
			defaultConfigurationName = Release;
		};
		F3FE627B2587CF7600B4B4DB /* Build configuration list for PBXNativeTarget "DemoAppTests" */ = {
			isa = XCConfigurationList;
			buildConfigurations = (
				F3FE627C2587CF7600B4B4DB /* Debug */,
				F3FE627D2587CF7600B4B4DB /* Release */,
			);
			defaultConfigurationIsVisible = 0;
			defaultConfigurationName = Release;
		};
		F3FE627E2587CF7600B4B4DB /* Build configuration list for PBXNativeTarget "DemoAppUITests" */ = {
			isa = XCConfigurationList;
			buildConfigurations = (
				F3FE627F2587CF7600B4B4DB /* Debug */,
				F3FE62802587CF7600B4B4DB /* Release */,
			);
			defaultConfigurationIsVisible = 0;
			defaultConfigurationName = Release;
		};
/* End XCConfigurationList section */

/* Begin XCVersionGroup section */
		F3FE62592587CF7300B4B4DB /* DemoApp.xcdatamodeld */ = {
			isa = XCVersionGroup;
			children = (
				F3FE625A2587CF7300B4B4DB /* DemoApp.xcdatamodel */,
			);
			currentVersion = F3FE625A2587CF7300B4B4DB /* DemoApp.xcdatamodel */;
			path = DemoApp.xcdatamodeld;
			sourceTree = "<group>";
			versionGroupType = wrapper.xcdatamodel;
		};
/* End XCVersionGroup section */
	};
	rootObject = F3FE62432587CF5400B4B4DB /* Project object */;
}
